
Microsoft Visual Studio Solution File, Format Version 12.00
# Visual Studio 15
VisualStudioVersion = 15.0.27428.2011
MinimumVisualStudioVersion = 10.0.40219.1
Project("{FAE04EC0-301F-11D3-BF4B-00C04F79EFBC}") = "全局异常获取", "全局异常获取\全局异常获取.csproj", "{1F6846EF-14FF-4667-8F40-9B08510FBA9E}"
EndProject
Project("{FAE04EC0-301F-11D3-BF4B-00C04F79EFBC}") = "Application的生命周期", "Application的生命周期\Application的生命周期.csproj", "{323218E0-BC83-48DC-8D10-5055D283E0F5}"
EndProject
Project("{FAE04EC0-301F-11D3-BF4B-00C04F79EFBC}") = "样式", "样式\样式.csproj", "{6150203E-F767-4224-9497-1D2801159E6B}"
EndProject
Project("{FAE04EC0-301F-11D3-BF4B-00C04F79EFBC}") = "样式的继承", "样式的继承\样式的继承.csproj", "{75F5999F-7518-4E08-B3A9-25AD7D25D807}"
EndProject
Project("{FAE04EC0-301F-11D3-BF4B-00C04F79EFBC}") = "Triggers触发器", "Triggers触发器\Triggers触发器.csproj", "{F7CD6E1C-D4D1-4029-BD73-1A3B13920876}"
EndProject
Project("{FAE04EC0-301F-11D3-BF4B-00C04F79EFBC}") = "MultiTrigger触发器", "MultiTrigger触发器\MultiTrigger触发器.csproj", "{0C0FFA40-3E7A-48C2-8D92-5BEAF41808CB}"
EndProject
Project("{FAE04EC0-301F-11D3-BF4B-00C04F79EFBC}") = "DataTrigger", "DataTrigger\DataTrigger.csproj", "{ED9E4433-B928-41CB-A48D-18B24EAD0606}"
EndProject
Project("{FAE04EC0-301F-11D3-BF4B-00C04F79EFBC}") = "Trigger另外一个控件", "Trigger另外一个控件\Trigger另外一个控件.csproj", "{87E90846-25A4-4770-B839-85E287079714}"
EndProject
Project("{2150E333-8FDC-42A3-9474-1A3956D46DE8}") = "MultiBinding", "MultiBinding", "{7E3001E1-512F-4739-8A53-BAF7BD8AB820}"
EndProject
Project("{FAE04EC0-301F-11D3-BF4B-00C04F79EFBC}") = "MultiBinding", "MultiBinding\MultiBinding.csproj", "{97DD6278-DB32-470B-B4F2-A8C121B5416C}"
EndProject
Project("{FAE04EC0-301F-11D3-BF4B-00C04F79EFBC}") = "MultiBinding2", "MultiBinding2\MultiBinding2.csproj", "{88A87C10-68FA-4042-966A-8A1EBBF28FBB}"
EndProject
Project("{2150E333-8FDC-42A3-9474-1A3956D46DE8}") = "属性", "属性", "{0BA69ADD-440E-488A-983B-7C7942D63BF8}"
EndProject
Project("{FAE04EC0-301F-11D3-BF4B-00C04F79EFBC}") = "Property", "Property\Property.csproj", "{99AF0A45-13A5-48E4-A215-12F14B63FB62}"
EndProject
Global
	GlobalSection(SolutionConfigurationPlatforms) = preSolution
		Debug|Any CPU = Debug|Any CPU
		Release|Any CPU = Release|Any CPU
	EndGlobalSection
	GlobalSection(ProjectConfigurationPlatforms) = postSolution
		{1F6846EF-14FF-4667-8F40-9B08510FBA9E}.Debug|Any CPU.ActiveCfg = Debug|Any CPU
		{1F6846EF-14FF-4667-8F40-9B08510FBA9E}.Debug|Any CPU.Build.0 = Debug|Any CPU
		{1F6846EF-14FF-4667-8F40-9B08510FBA9E}.Release|Any CPU.ActiveCfg = Release|Any CPU
		{1F6846EF-14FF-4667-8F40-9B08510FBA9E}.Release|Any CPU.Build.0 = Release|Any CPU
		{323218E0-BC83-48DC-8D10-5055D283E0F5}.Debug|Any CPU.ActiveCfg = Debug|Any CPU
		{323218E0-BC83-48DC-8D10-5055D283E0F5}.Debug|Any CPU.Build.0 = Debug|Any CPU
		{323218E0-BC83-48DC-8D10-5055D283E0F5}.Release|Any CPU.ActiveCfg = Release|Any CPU
		{323218E0-BC83-48DC-8D10-5055D283E0F5}.Release|Any CPU.Build.0 = Release|Any CPU
		{6150203E-F767-4224-9497-1D2801159E6B}.Debug|Any CPU.ActiveCfg = Debug|Any CPU
		{6150203E-F767-4224-9497-1D2801159E6B}.Debug|Any CPU.Build.0 = Debug|Any CPU
		{6150203E-F767-4224-9497-1D2801159E6B}.Release|Any CPU.ActiveCfg = Release|Any CPU
		{6150203E-F767-4224-9497-1D2801159E6B}.Release|Any CPU.Build.0 = Release|Any CPU
		{75F5999F-7518-4E08-B3A9-25AD7D25D807}.Debug|Any CPU.ActiveCfg = Debug|Any CPU
		{75F5999F-7518-4E08-B3A9-25AD7D25D807}.Debug|Any CPU.Build.0 = Debug|Any CPU
		{75F5999F-7518-4E08-B3A9-25AD7D25D807}.Release|Any CPU.ActiveCfg = Release|Any CPU
		{75F5999F-7518-4E08-B3A9-25AD7D25D807}.Release|Any CPU.Build.0 = Release|Any CPU
		{F7CD6E1C-D4D1-4029-BD73-1A3B13920876}.Debug|Any CPU.ActiveCfg = Debug|Any CPU
		{F7CD6E1C-D4D1-4029-BD73-1A3B13920876}.Debug|Any CPU.Build.0 = Debug|Any CPU
		{F7CD6E1C-D4D1-4029-BD73-1A3B13920876}.Release|Any CPU.ActiveCfg = Release|Any CPU
		{F7CD6E1C-D4D1-4029-BD73-1A3B13920876}.Release|Any CPU.Build.0 = Release|Any CPU
		{0C0FFA40-3E7A-48C2-8D92-5BEAF41808CB}.Debug|Any CPU.ActiveCfg = Debug|Any CPU
		{0C0FFA40-3E7A-48C2-8D92-5BEAF41808CB}.Debug|Any CPU.Build.0 = Debug|Any CPU
		{0C0FFA40-3E7A-48C2-8D92-5BEAF41808CB}.Release|Any CPU.ActiveCfg = Release|Any CPU
		{0C0FFA40-3E7A-48C2-8D92-5BEAF41808CB}.Release|Any CPU.Build.0 = Release|Any CPU
		{ED9E4433-B928-41CB-A48D-18B24EAD0606}.Debug|Any CPU.ActiveCfg = Debug|Any CPU
		{ED9E4433-B928-41CB-A48D-18B24EAD0606}.Debug|Any CPU.Build.0 = Debug|Any CPU
		{ED9E4433-B928-41CB-A48D-18B24EAD0606}.Release|Any CPU.ActiveCfg = Release|Any CPU
		{ED9E4433-B928-41CB-A48D-18B24EAD0606}.Release|Any CPU.Build.0 = Release|Any CPU
		{87E90846-25A4-4770-B839-85E287079714}.Debug|Any CPU.ActiveCfg = Debug|Any CPU
		{87E90846-25A4-4770-B839-85E287079714}.Debug|Any CPU.Build.0 = Debug|Any CPU
		{87E90846-25A4-4770-B839-85E287079714}.Release|Any CPU.ActiveCfg = Release|Any CPU
		{87E90846-25A4-4770-B839-85E287079714}.Release|Any CPU.Build.0 = Release|Any CPU
		{97DD6278-DB32-470B-B4F2-A8C121B5416C}.Debug|Any CPU.ActiveCfg = Debug|Any CPU
		{97DD6278-DB32-470B-B4F2-A8C121B5416C}.Debug|Any CPU.Build.0 = Debug|Any CPU
		{97DD6278-DB32-470B-B4F2-A8C121B5416C}.Release|Any CPU.ActiveCfg = Release|Any CPU
		{97DD6278-DB32-470B-B4F2-A8C121B5416C}.Release|Any CPU.Build.0 = Release|Any CPU
		{88A87C10-68FA-4042-966A-8A1EBBF28FBB}.Debug|Any CPU.ActiveCfg = Debug|Any CPU
		{88A87C10-68FA-4042-966A-8A1EBBF28FBB}.Debug|Any CPU.Build.0 = Debug|Any CPU
		{88A87C10-68FA-4042-966A-8A1EBBF28FBB}.Release|Any CPU.ActiveCfg = Release|Any CPU
		{88A87C10-68FA-4042-966A-8A1EBBF28FBB}.Release|Any CPU.Build.0 = Release|Any CPU
		{99AF0A45-13A5-48E4-A215-12F14B63FB62}.Debug|Any CPU.ActiveCfg = Debug|Any CPU
		{99AF0A45-13A5-48E4-A215-12F14B63FB62}.Debug|Any CPU.Build.0 = Debug|Any CPU
		{99AF0A45-13A5-48E4-A215-12F14B63FB62}.Release|Any CPU.ActiveCfg = Release|Any CPU
		{99AF0A45-13A5-48E4-A215-12F14B63FB62}.Release|Any CPU.Build.0 = Release|Any CPU
	EndGlobalSection
	GlobalSection(SolutionProperties) = preSolution
		HideSolutionNode = FALSE
	EndGlobalSection
	GlobalSection(NestedProjects) = preSolution
		{97DD6278-DB32-470B-B4F2-A8C121B5416C} = {7E3001E1-512F-4739-8A53-BAF7BD8AB820}
		{88A87C10-68FA-4042-966A-8A1EBBF28FBB} = {7E3001E1-512F-4739-8A53-BAF7BD8AB820}
		{99AF0A45-13A5-48E4-A215-12F14B63FB62} = {0BA69ADD-440E-488A-983B-7C7942D63BF8}
	EndGlobalSection
	GlobalSection(ExtensibilityGlobals) = postSolution
		SolutionGuid = {753DD3E4-6DCE-4925-9144-AA6D96E838A7}
	EndGlobalSection
EndGlobal
